
Microsoft Visual Studio Solution File, Format Version 12.00
# Visual Studio 15
VisualStudioVersion = 15.0.28307.271
MinimumVisualStudioVersion = 10.0.40219.1
Project("{9A19103F-16F7-4668-BE54-9A1E7A4F7556}") = "FirstConsoleApp", "FirstConsoleApp\FirstConsoleApp.csproj", "{0B1366FC-637F-4DC6-B818-787F88EE224C}"
EndProject
Project("{9A19103F-16F7-4668-BE54-9A1E7A4F7556}") = "SimpleUnitTests", "SimpleUnitTests\SimpleUnitTests.csproj", "{9CD44ECA-C2A5-4C92-AF27-9A285292736E}"
EndProject
Project("{9A19103F-16F7-4668-BE54-9A1E7A4F7556}") = "ITI.Collections", "ITI.Collections\ITI.Collections.csproj", "{AEC71103-0250-4048-AD31-D7C8A3EAFFCF}"
EndProject
Global
	GlobalSection(SolutionConfigurationPlatforms) = preSolution
		Debug|Any CPU = Debug|Any CPU
		Release|Any CPU = Release|Any CPU
	EndGlobalSection
	GlobalSection(ProjectConfigurationPlatforms) = postSolution
		{0B1366FC-637F-4DC6-B818-787F88EE224C}.Debug|Any CPU.ActiveCfg = Debug|Any CPU
		{0B1366FC-637F-4DC6-B818-787F88EE224C}.Debug|Any CPU.Build.0 = Debug|Any CPU
		{0B1366FC-637F-4DC6-B818-787F88EE224C}.Release|Any CPU.ActiveCfg = Release|Any CPU
		{0B1366FC-637F-4DC6-B818-787F88EE224C}.Release|Any CPU.Build.0 = Release|Any CPU
		{9CD44ECA-C2A5-4C92-AF27-9A285292736E}.Debug|Any CPU.ActiveCfg = Debug|Any CPU
		{9CD44ECA-C2A5-4C92-AF27-9A285292736E}.Debug|Any CPU.Build.0 = Debug|Any CPU
		{9CD44ECA-C2A5-4C92-AF27-9A285292736E}.Release|Any CPU.ActiveCfg = Release|Any CPU
		{9CD44ECA-C2A5-4C92-AF27-9A285292736E}.Release|Any CPU.Build.0 = Release|Any CPU
		{AEC71103-0250-4048-AD31-D7C8A3EAFFCF}.Debug|Any CPU.ActiveCfg = Debug|Any CPU
		{AEC71103-0250-4048-AD31-D7C8A3EAFFCF}.Debug|Any CPU.Build.0 = Debug|Any CPU
		{AEC71103-0250-4048-AD31-D7C8A3EAFFCF}.Release|Any CPU.ActiveCfg = Release|Any CPU
		{AEC71103-0250-4048-AD31-D7C8A3EAFFCF}.Release|Any CPU.Build.0 = Release|Any CPU
	EndGlobalSection
	GlobalSection(SolutionProperties) = preSolution
		HideSolutionNode = FALSE
	EndGlobalSection
	GlobalSection(ExtensibilityGlobals) = postSolution
		SolutionGuid = {B02870B4-B58A-4F40-B1E4-15E4DF2A0841}
	EndGlobalSection
EndGlobal
